// !$*UTF8*$!
{
	archiveVersion = 1;
	classes = {
	};
	objectVersion = 46;
	objects = {

/* Begin PBXBuildFile section */
		140BDBE918DAD84E009881F9 /* Foundation.framework in Frameworks */ = {isa = PBXBuildFile; fileRef = 140BDBE818DAD84E009881F9 /* Foundation.framework */; };
		140BDBEB18DAD84E009881F9 /* CoreGraphics.framework in Frameworks */ = {isa = PBXBuildFile; fileRef = 140BDBEA18DAD84E009881F9 /* CoreGraphics.framework */; };
		140BDBED18DAD84E009881F9 /* UIKit.framework in Frameworks */ = {isa = PBXBuildFile; fileRef = 140BDBEC18DAD84E009881F9 /* UIKit.framework */; };
		140BDBF318DAD84E009881F9 /* InfoPlist.strings in Resources */ = {isa = PBXBuildFile; fileRef = 140BDBF118DAD84E009881F9 /* InfoPlist.strings */; };
		140BDBF518DAD84E009881F9 /* main.m in Sources */ = {isa = PBXBuildFile; fileRef = 140BDBF418DAD84E009881F9 /* main.m */; };
		140BDBF918DAD84E009881F9 /* GBAppDelegate.m in Sources */ = {isa = PBXBuildFile; fileRef = 140BDBF818DAD84E009881F9 /* GBAppDelegate.m */; };
		140BDBFB18DAD84E009881F9 /* Images.xcassets in Resources */ = {isa = PBXBuildFile; fileRef = 140BDBFA18DAD84E009881F9 /* Images.xcassets */; };
		140BDC0218DAD84E009881F9 /* XCTest.framework in Frameworks */ = {isa = PBXBuildFile; fileRef = 140BDC0118DAD84E009881F9 /* XCTest.framework */; };
		140BDC0318DAD84E009881F9 /* Foundation.framework in Frameworks */ = {isa = PBXBuildFile; fileRef = 140BDBE818DAD84E009881F9 /* Foundation.framework */; };
		140BDC0418DAD84E009881F9 /* UIKit.framework in Frameworks */ = {isa = PBXBuildFile; fileRef = 140BDBEC18DAD84E009881F9 /* UIKit.framework */; };
		140BDC0C18DAD84E009881F9 /* InfoPlist.strings in Resources */ = {isa = PBXBuildFile; fileRef = 140BDC0A18DAD84E009881F9 /* InfoPlist.strings */; };
		140BDC0E18DAD84E009881F9 /* GroupBuyTests.m in Sources */ = {isa = PBXBuildFile; fileRef = 140BDC0D18DAD84E009881F9 /* GroupBuyTests.m */; };
		140BDC1818DAD87B009881F9 /* QuartzCore.framework in Frameworks */ = {isa = PBXBuildFile; fileRef = 140BDC1718DAD87B009881F9 /* QuartzCore.framework */; };
		140BDC1A18DAD8C5009881F9 /* SystemConfiguration.framework in Frameworks */ = {isa = PBXBuildFile; fileRef = 140BDC1918DAD8C5009881F9 /* SystemConfiguration.framework */; };
		140BDC1C18DAD8D8009881F9 /* libicucore.dylib in Frameworks */ = {isa = PBXBuildFile; fileRef = 140BDC1B18DAD8D8009881F9 /* libicucore.dylib */; };
		140BDC1E18DAD8E1009881F9 /* CoreFoundation.framework in Frameworks */ = {isa = PBXBuildFile; fileRef = 140BDC1D18DAD8E1009881F9 /* CoreFoundation.framework */; };
		140BDC2018DAD8F2009881F9 /* libz.dylib in Frameworks */ = {isa = PBXBuildFile; fileRef = 140BDC1F18DAD8F2009881F9 /* libz.dylib */; };
		140BDC2218DAD908009881F9 /* Security.framework in Frameworks */ = {isa = PBXBuildFile; fileRef = 140BDC2118DAD908009881F9 /* Security.framework */; };
		140BDC2418DAD918009881F9 /* MobileCoreServices.framework in Frameworks */ = {isa = PBXBuildFile; fileRef = 140BDC2318DAD918009881F9 /* MobileCoreServices.framework */; };
		140BDC2618DAD922009881F9 /* CFNetwork.framework in Frameworks */ = {isa = PBXBuildFile; fileRef = 140BDC2518DAD922009881F9 /* CFNetwork.framework */; };
		140BDC6418DADA05009881F9 /* AppUtility.m in Sources */ = {isa = PBXBuildFile; fileRef = 140BDC2B18DADA05009881F9 /* AppUtility.m */; };
		140BDC6518DADA05009881F9 /* DXAlertView.m in Sources */ = {isa = PBXBuildFile; fileRef = 140BDC2E18DADA05009881F9 /* DXAlertView.m */; };
		140BDC6618DADA05009881F9 /* Circle.m in Sources */ = {isa = PBXBuildFile; fileRef = 140BDC3118DADA05009881F9 /* Circle.m */; };
		140BDC6718DADA05009881F9 /* ETActivityIndicatorView.m in Sources */ = {isa = PBXBuildFile; fileRef = 140BDC3318DADA05009881F9 /* ETActivityIndicatorView.m */; };
		140BDC6A18DADA05009881F9 /* MMLocationManager.m in Sources */ = {isa = PBXBuildFile; fileRef = 140BDC3C18DADA05009881F9 /* MMLocationManager.m */; };
		140BDC6B18DADA05009881F9 /* NBNavigationController.m in Sources */ = {isa = PBXBuildFile; fileRef = 140BDC3F18DADA05009881F9 /* NBNavigationController.m */; };
		140BDC6C18DADA05009881F9 /* NBNetworkEngine.m in Sources */ = {isa = PBXBuildFile; fileRef = 140BDC4218DADA05009881F9 /* NBNetworkEngine.m */; };
		140BDC6D18DADA05009881F9 /* NSDictionary+JSON.m in Sources */ = {isa = PBXBuildFile; fileRef = 140BDC4518DADA05009881F9 /* NSDictionary+JSON.m */; };
		140BDC6F18DADA05009881F9 /* RegexKitLite.m in Sources */ = {isa = PBXBuildFile; fileRef = 140BDC4B18DADA05009881F9 /* RegexKitLite.m */; settings = {COMPILER_FLAGS = "-fno-objc-arc"; }; };
		140BDC7018DADA05009881F9 /* UIColor+HexString.m in Sources */ = {isa = PBXBuildFile; fileRef = 140BDC4E18DADA05009881F9 /* UIColor+HexString.m */; };
		140BDC7118DADA05009881F9 /* UIImage+Loader.m in Sources */ = {isa = PBXBuildFile; fileRef = 140BDC5118DADA05009881F9 /* UIImage+Loader.m */; };
		140BDC7218DADA05009881F9 /* UIView+Border.m in Sources */ = {isa = PBXBuildFile; fileRef = 140BDC5418DADA05009881F9 /* UIView+Border.m */; };
		140BDC7318DADA05009881F9 /* UIView+Flip.m in Sources */ = {isa = PBXBuildFile; fileRef = 140BDC5718DADA05009881F9 /* UIView+Flip.m */; };
		140BDC7418DADA05009881F9 /* UIView+Joggle.m in Sources */ = {isa = PBXBuildFile; fileRef = 140BDC5A18DADA05009881F9 /* UIView+Joggle.m */; };
		140BDC7718DADA05009881F9 /* UIView+ModifyFrame.m in Sources */ = {isa = PBXBuildFile; fileRef = 140BDC6318DADA05009881F9 /* UIView+ModifyFrame.m */; };
		140BDCA818DADA39009881F9 /* AFHTTPRequestOperation.m in Sources */ = {isa = PBXBuildFile; fileRef = 140BDC7B18DADA39009881F9 /* AFHTTPRequestOperation.m */; };
		140BDCA918DADA39009881F9 /* AFHTTPRequestOperationManager.m in Sources */ = {isa = PBXBuildFile; fileRef = 140BDC7D18DADA39009881F9 /* AFHTTPRequestOperationManager.m */; };
		140BDCAA18DADA39009881F9 /* AFHTTPSessionManager.m in Sources */ = {isa = PBXBuildFile; fileRef = 140BDC7F18DADA39009881F9 /* AFHTTPSessionManager.m */; };
		140BDCAB18DADA39009881F9 /* AFNetworkReachabilityManager.m in Sources */ = {isa = PBXBuildFile; fileRef = 140BDC8218DADA39009881F9 /* AFNetworkReachabilityManager.m */; };
		140BDCAC18DADA39009881F9 /* AFSecurityPolicy.m in Sources */ = {isa = PBXBuildFile; fileRef = 140BDC8418DADA39009881F9 /* AFSecurityPolicy.m */; };
		140BDCAD18DADA39009881F9 /* AFURLConnectionOperation.m in Sources */ = {isa = PBXBuildFile; fileRef = 140BDC8618DADA39009881F9 /* AFURLConnectionOperation.m */; };
		140BDCAE18DADA39009881F9 /* AFURLRequestSerialization.m in Sources */ = {isa = PBXBuildFile; fileRef = 140BDC8818DADA39009881F9 /* AFURLRequestSerialization.m */; };
		140BDCAF18DADA39009881F9 /* AFURLResponseSerialization.m in Sources */ = {isa = PBXBuildFile; fileRef = 140BDC8A18DADA39009881F9 /* AFURLResponseSerialization.m */; };
		140BDCB018DADA39009881F9 /* AFURLSessionManager.m in Sources */ = {isa = PBXBuildFile; fileRef = 140BDC8C18DADA39009881F9 /* AFURLSessionManager.m */; };
		140BDCB118DADA39009881F9 /* NZAlertView-Icons.bundle in Resources */ = {isa = PBXBuildFile; fileRef = 140BDC8F18DADA39009881F9 /* NZAlertView-Icons.bundle */; };
		140BDCB218DADA39009881F9 /* NZAlertView.m in Sources */ = {isa = PBXBuildFile; fileRef = 140BDC9118DADA39009881F9 /* NZAlertView.m */; };
		140BDCB318DADA39009881F9 /* NZAlertView.xib in Resources */ = {isa = PBXBuildFile; fileRef = 140BDC9518DADA39009881F9 /* NZAlertView.xib */; };
		140BDCB418DADA39009881F9 /* AFNetworkActivityIndicatorManager.m in Sources */ = {isa = PBXBuildFile; fileRef = 140BDC9818DADA39009881F9 /* AFNetworkActivityIndicatorManager.m */; };
		140BDCB518DADA39009881F9 /* UIActivityIndicatorView+AFNetworking.m in Sources */ = {isa = PBXBuildFile; fileRef = 140BDC9A18DADA39009881F9 /* UIActivityIndicatorView+AFNetworking.m */; };
		140BDCB618DADA39009881F9 /* UIAlertView+AFNetworking.m in Sources */ = {isa = PBXBuildFile; fileRef = 140BDC9C18DADA39009881F9 /* UIAlertView+AFNetworking.m */; };
		140BDCB718DADA39009881F9 /* UIButton+AFNetworking.m in Sources */ = {isa = PBXBuildFile; fileRef = 140BDC9E18DADA39009881F9 /* UIButton+AFNetworking.m */; };
		140BDCB818DADA39009881F9 /* UIImageView+AFNetworking.m in Sources */ = {isa = PBXBuildFile; fileRef = 140BDCA018DADA39009881F9 /* UIImageView+AFNetworking.m */; };
		140BDCB918DADA39009881F9 /* UIProgressView+AFNetworking.m in Sources */ = {isa = PBXBuildFile; fileRef = 140BDCA318DADA39009881F9 /* UIProgressView+AFNetworking.m */; };
		140BDCBA18DADA39009881F9 /* UIRefreshControl+AFNetworking.m in Sources */ = {isa = PBXBuildFile; fileRef = 140BDCA518DADA39009881F9 /* UIRefreshControl+AFNetworking.m */; };
		140BDCBB18DADA39009881F9 /* UIWebView+AFNetworking.m in Sources */ = {isa = PBXBuildFile; fileRef = 140BDCA718DADA39009881F9 /* UIWebView+AFNetworking.m */; };
		140BDCBF18DADC40009881F9 /* Reachability.m in Sources */ = {isa = PBXBuildFile; fileRef = 140BDCBE18DADC40009881F9 /* Reachability.m */; settings = {COMPILER_FLAGS = "-fno-objc-arc"; }; };
		140BDCC018DADC6C009881F9 /* Reachability.h in Sources */ = {isa = PBXBuildFile; fileRef = 140BDCBD18DADC40009881F9 /* Reachability.h */; };
		140BDCC418DAE02C009881F9 /* NBBaseViewController.m in Sources */ = {isa = PBXBuildFile; fileRef = 140BDCC318DAE02C009881F9 /* NBBaseViewController.m */; };
/* End PBXBuildFile section */

/* Begin PBXContainerItemProxy section */
		140BDC0518DAD84E009881F9 /* PBXContainerItemProxy */ = {
			isa = PBXContainerItemProxy;
			containerPortal = 140BDBDD18DAD84E009881F9 /* Project object */;
			proxyType = 1;
			remoteGlobalIDString = 140BDBE418DAD84E009881F9;
			remoteInfo = GroupBuy;
		};
/* End PBXContainerItemProxy section */

/* Begin PBXFileReference section */
		140BDBE518DAD84E009881F9 /* GroupBuy.app */ = {isa = PBXFileReference; explicitFileType = wrapper.application; includeInIndex = 0; path = GroupBuy.app; sourceTree = BUILT_PRODUCTS_DIR; };
		140BDBE818DAD84E009881F9 /* Foundation.framework */ = {isa = PBXFileReference; lastKnownFileType = wrapper.framework; name = Foundation.framework; path = System/Library/Frameworks/Foundation.framework; sourceTree = SDKROOT; };
		140BDBEA18DAD84E009881F9 /* CoreGraphics.framework */ = {isa = PBXFileReference; lastKnownFileType = wrapper.framework; name = CoreGraphics.framework; path = System/Library/Frameworks/CoreGraphics.framework; sourceTree = SDKROOT; };
		140BDBEC18DAD84E009881F9 /* UIKit.framework */ = {isa = PBXFileReference; lastKnownFileType = wrapper.framework; name = UIKit.framework; path = System/Library/Frameworks/UIKit.framework; sourceTree = SDKROOT; };
		140BDBF018DAD84E009881F9 /* GroupBuy-Info.plist */ = {isa = PBXFileReference; lastKnownFileType = text.plist.xml; path = "GroupBuy-Info.plist"; sourceTree = "<group>"; };
		140BDBF218DAD84E009881F9 /* en */ = {isa = PBXFileReference; lastKnownFileType = text.plist.strings; name = en; path = en.lproj/InfoPlist.strings; sourceTree = "<group>"; };
		140BDBF418DAD84E009881F9 /* main.m */ = {isa = PBXFileReference; lastKnownFileType = sourcecode.c.objc; path = main.m; sourceTree = "<group>"; };
		140BDBF618DAD84E009881F9 /* GroupBuy-Prefix.pch */ = {isa = PBXFileReference; lastKnownFileType = sourcecode.c.h; path = "GroupBuy-Prefix.pch"; sourceTree = "<group>"; };
		140BDBF718DAD84E009881F9 /* GBAppDelegate.h */ = {isa = PBXFileReference; lastKnownFileType = sourcecode.c.h; path = GBAppDelegate.h; sourceTree = "<group>"; };
		140BDBF818DAD84E009881F9 /* GBAppDelegate.m */ = {isa = PBXFileReference; lastKnownFileType = sourcecode.c.objc; path = GBAppDelegate.m; sourceTree = "<group>"; };
		140BDBFA18DAD84E009881F9 /* Images.xcassets */ = {isa = PBXFileReference; lastKnownFileType = folder.assetcatalog; path = Images.xcassets; sourceTree = "<group>"; };
		140BDC0018DAD84E009881F9 /* GroupBuyTests.xctest */ = {isa = PBXFileReference; explicitFileType = wrapper.cfbundle; includeInIndex = 0; path = GroupBuyTests.xctest; sourceTree = BUILT_PRODUCTS_DIR; };
		140BDC0118DAD84E009881F9 /* XCTest.framework */ = {isa = PBXFileReference; lastKnownFileType = wrapper.framework; name = XCTest.framework; path = Library/Frameworks/XCTest.framework; sourceTree = DEVELOPER_DIR; };
		140BDC0918DAD84E009881F9 /* GroupBuyTests-Info.plist */ = {isa = PBXFileReference; lastKnownFileType = text.plist.xml; path = "GroupBuyTests-Info.plist"; sourceTree = "<group>"; };
		140BDC0B18DAD84E009881F9 /* en */ = {isa = PBXFileReference; lastKnownFileType = text.plist.strings; name = en; path = en.lproj/InfoPlist.strings; sourceTree = "<group>"; };
		140BDC0D18DAD84E009881F9 /* GroupBuyTests.m */ = {isa = PBXFileReference; lastKnownFileType = sourcecode.c.objc; path = GroupBuyTests.m; sourceTree = "<group>"; };
		140BDC1718DAD87B009881F9 /* QuartzCore.framework */ = {isa = PBXFileReference; lastKnownFileType = wrapper.framework; name = QuartzCore.framework; path = System/Library/Frameworks/QuartzCore.framework; sourceTree = SDKROOT; };
		140BDC1918DAD8C5009881F9 /* SystemConfiguration.framework */ = {isa = PBXFileReference; lastKnownFileType = wrapper.framework; name = SystemConfiguration.framework; path = System/Library/Frameworks/SystemConfiguration.framework; sourceTree = SDKROOT; };
		140BDC1B18DAD8D8009881F9 /* libicucore.dylib */ = {isa = PBXFileReference; lastKnownFileType = "compiled.mach-o.dylib"; name = libicucore.dylib; path = usr/lib/libicucore.dylib; sourceTree = SDKROOT; };
		140BDC1D18DAD8E1009881F9 /* CoreFoundation.framework */ = {isa = PBXFileReference; lastKnownFileType = wrapper.framework; name = CoreFoundation.framework; path = System/Library/Frameworks/CoreFoundation.framework; sourceTree = SDKROOT; };
		140BDC1F18DAD8F2009881F9 /* libz.dylib */ = {isa = PBXFileReference; lastKnownFileType = "compiled.mach-o.dylib"; name = libz.dylib; path = usr/lib/libz.dylib; sourceTree = SDKROOT; };
		140BDC2118DAD908009881F9 /* Security.framework */ = {isa = PBXFileReference; lastKnownFileType = wrapper.framework; name = Security.framework; path = System/Library/Frameworks/Security.framework; sourceTree = SDKROOT; };
		140BDC2318DAD918009881F9 /* MobileCoreServices.framework */ = {isa = PBXFileReference; lastKnownFileType = wrapper.framework; name = MobileCoreServices.framework; path = System/Library/Frameworks/MobileCoreServices.framework; sourceTree = SDKROOT; };
		140BDC2518DAD922009881F9 /* CFNetwork.framework */ = {isa = PBXFileReference; lastKnownFileType = wrapper.framework; name = CFNetwork.framework; path = System/Library/Frameworks/CFNetwork.framework; sourceTree = SDKROOT; };
		140BDC2A18DADA05009881F9 /* AppUtility.h */ = {isa = PBXFileReference; fileEncoding = 4; lastKnownFileType = sourcecode.c.h; path = AppUtility.h; sourceTree = "<group>"; };
		140BDC2B18DADA05009881F9 /* AppUtility.m */ = {isa = PBXFileReference; fileEncoding = 4; lastKnownFileType = sourcecode.c.objc; path = AppUtility.m; sourceTree = "<group>"; };
		140BDC2D18DADA05009881F9 /* DXAlertView.h */ = {isa = PBXFileReference; fileEncoding = 4; lastKnownFileType = sourcecode.c.h; path = DXAlertView.h; sourceTree = "<group>"; };
		140BDC2E18DADA05009881F9 /* DXAlertView.m */ = {isa = PBXFileReference; fileEncoding = 4; lastKnownFileType = sourcecode.c.objc; path = DXAlertView.m; sourceTree = "<group>"; };
		140BDC3018DADA05009881F9 /* Circle.h */ = {isa = PBXFileReference; fileEncoding = 4; lastKnownFileType = sourcecode.c.h; path = Circle.h; sourceTree = "<group>"; };
		140BDC3118DADA05009881F9 /* Circle.m */ = {isa = PBXFileReference; fileEncoding = 4; lastKnownFileType = sourcecode.c.objc; path = Circle.m; sourceTree = "<group>"; };
		140BDC3218DADA05009881F9 /* ETActivityIndicatorView.h */ = {isa = PBXFileReference; fileEncoding = 4; lastKnownFileType = sourcecode.c.h; path = ETActivityIndicatorView.h; sourceTree = "<group>"; };
		140BDC3318DADA05009881F9 /* ETActivityIndicatorView.m */ = {isa = PBXFileReference; fileEncoding = 4; lastKnownFileType = sourcecode.c.objc; path = ETActivityIndicatorView.m; sourceTree = "<group>"; };
		140BDC3918DADA05009881F9 /* Global.h */ = {isa = PBXFileReference; fileEncoding = 4; lastKnownFileType = sourcecode.c.h; path = Global.h; sourceTree = "<group>"; };
		140BDC3B18DADA05009881F9 /* MMLocationManager.h */ = {isa = PBXFileReference; fileEncoding = 4; lastKnownFileType = sourcecode.c.h; path = MMLocationManager.h; sourceTree = "<group>"; };
		140BDC3C18DADA05009881F9 /* MMLocationManager.m */ = {isa = PBXFileReference; fileEncoding = 4; lastKnownFileType = sourcecode.c.objc; path = MMLocationManager.m; sourceTree = "<group>"; };
		140BDC3E18DADA05009881F9 /* NBNavigationController.h */ = {isa = PBXFileReference; fileEncoding = 4; lastKnownFileType = sourcecode.c.h; path = NBNavigationController.h; sourceTree = "<group>"; };
		140BDC3F18DADA05009881F9 /* NBNavigationController.m */ = {isa = PBXFileReference; fileEncoding = 4; lastKnownFileType = sourcecode.c.objc; path = NBNavigationController.m; sourceTree = "<group>"; };
		140BDC4118DADA05009881F9 /* NBNetworkEngine.h */ = {isa = PBXFileReference; fileEncoding = 4; lastKnownFileType = sourcecode.c.h; path = NBNetworkEngine.h; sourceTree = "<group>"; };
		140BDC4218DADA05009881F9 /* NBNetworkEngine.m */ = {isa = PBXFileReference; fileEncoding = 4; lastKnownFileType = sourcecode.c.objc; path = NBNetworkEngine.m; sourceTree = "<group>"; };
		140BDC4418DADA05009881F9 /* NSDictionary+JSON.h */ = {isa = PBXFileReference; fileEncoding = 4; lastKnownFileType = sourcecode.c.h; path = "NSDictionary+JSON.h"; sourceTree = "<group>"; };
		140BDC4518DADA05009881F9 /* NSDictionary+JSON.m */ = {isa = PBXFileReference; fileEncoding = 4; lastKnownFileType = sourcecode.c.objc; path = "NSDictionary+JSON.m"; sourceTree = "<group>"; };
		140BDC4A18DADA05009881F9 /* RegexKitLite.h */ = {isa = PBXFileReference; fileEncoding = 4; lastKnownFileType = sourcecode.c.h; path = RegexKitLite.h; sourceTree = "<group>"; };
		140BDC4B18DADA05009881F9 /* RegexKitLite.m */ = {isa = PBXFileReference; fileEncoding = 4; lastKnownFileType = sourcecode.c.objc; path = RegexKitLite.m; sourceTree = "<group>"; };
		140BDC4D18DADA05009881F9 /* UIColor+HexString.h */ = {isa = PBXFileReference; fileEncoding = 4; lastKnownFileType = sourcecode.c.h; path = "UIColor+HexString.h"; sourceTree = "<group>"; };
		140BDC4E18DADA05009881F9 /* UIColor+HexString.m */ = {isa = PBXFileReference; fileEncoding = 4; lastKnownFileType = sourcecode.c.objc; path = "UIColor+HexString.m"; sourceTree = "<group>"; };
		140BDC5018DADA05009881F9 /* UIImage+Loader.h */ = {isa = PBXFileReference; fileEncoding = 4; lastKnownFileType = sourcecode.c.h; path = "UIImage+Loader.h"; sourceTree = "<group>"; };
		140BDC5118DADA05009881F9 /* UIImage+Loader.m */ = {isa = PBXFileReference; fileEncoding = 4; lastKnownFileType = sourcecode.c.objc; path = "UIImage+Loader.m"; sourceTree = "<group>"; };
		140BDC5318DADA05009881F9 /* UIView+Border.h */ = {isa = PBXFileReference; fileEncoding = 4; lastKnownFileType = sourcecode.c.h; path = "UIView+Border.h"; sourceTree = "<group>"; };
		140BDC5418DADA05009881F9 /* UIView+Border.m */ = {isa = PBXFileReference; fileEncoding = 4; lastKnownFileType = sourcecode.c.objc; path = "UIView+Border.m"; sourceTree = "<group>"; };
		140BDC5618DADA05009881F9 /* UIView+Flip.h */ = {isa = PBXFileReference; fileEncoding = 4; lastKnownFileType = sourcecode.c.h; path = "UIView+Flip.h"; sourceTree = "<group>"; };
		140BDC5718DADA05009881F9 /* UIView+Flip.m */ = {isa = PBXFileReference; fileEncoding = 4; lastKnownFileType = sourcecode.c.objc; path = "UIView+Flip.m"; sourceTree = "<group>"; };
		140BDC5918DADA05009881F9 /* UIView+Joggle.h */ = {isa = PBXFileReference; fileEncoding = 4; lastKnownFileType = sourcecode.c.h; path = "UIView+Joggle.h"; sourceTree = "<group>"; };
		140BDC5A18DADA05009881F9 /* UIView+Joggle.m */ = {isa = PBXFileReference; fileEncoding = 4; lastKnownFileType = sourcecode.c.objc; path = "UIView+Joggle.m"; sourceTree = "<group>"; };
		140BDC5D18DADA05009881F9 /* NBLocationManager.h */ = {isa = PBXFileReference; fileEncoding = 4; lastKnownFileType = sourcecode.c.h; path = NBLocationManager.h; sourceTree = "<group>"; };
		140BDC5E18DADA05009881F9 /* NBLocationManager.m */ = {isa = PBXFileReference; fileEncoding = 4; lastKnownFileType = sourcecode.c.objc; path = NBLocationManager.m; sourceTree = "<group>"; };
		140BDC6018DADA05009881F9 /* Reachability.h */ = {isa = PBXFileReference; fileEncoding = 4; lastKnownFileType = sourcecode.c.h; path = Reachability.h; sourceTree = "<group>"; };
		140BDC6118DADA05009881F9 /* Reachability.m */ = {isa = PBXFileReference; fileEncoding = 4; lastKnownFileType = sourcecode.c.objc; path = Reachability.m; sourceTree = "<group>"; };
		140BDC6218DADA05009881F9 /* UIView+ModifyFrame.h */ = {isa = PBXFileReference; fileEncoding = 4; lastKnownFileType = sourcecode.c.h; path = "UIView+ModifyFrame.h"; sourceTree = "<group>"; };
		140BDC6318DADA05009881F9 /* UIView+ModifyFrame.m */ = {isa = PBXFileReference; fileEncoding = 4; lastKnownFileType = sourcecode.c.objc; path = "UIView+ModifyFrame.m"; sourceTree = "<group>"; };
		140BDC7A18DADA39009881F9 /* AFHTTPRequestOperation.h */ = {isa = PBXFileReference; fileEncoding = 4; lastKnownFileType = sourcecode.c.h; path = AFHTTPRequestOperation.h; sourceTree = "<group>"; };
		140BDC7B18DADA39009881F9 /* AFHTTPRequestOperation.m */ = {isa = PBXFileReference; fileEncoding = 4; lastKnownFileType = sourcecode.c.objc; path = AFHTTPRequestOperation.m; sourceTree = "<group>"; };
		140BDC7C18DADA39009881F9 /* AFHTTPRequestOperationManager.h */ = {isa = PBXFileReference; fileEncoding = 4; lastKnownFileType = sourcecode.c.h; path = AFHTTPRequestOperationManager.h; sourceTree = "<group>"; };
		140BDC7D18DADA39009881F9 /* AFHTTPRequestOperationManager.m */ = {isa = PBXFileReference; fileEncoding = 4; lastKnownFileType = sourcecode.c.objc; path = AFHTTPRequestOperationManager.m; sourceTree = "<group>"; };
		140BDC7E18DADA39009881F9 /* AFHTTPSessionManager.h */ = {isa = PBXFileReference; fileEncoding = 4; lastKnownFileType = sourcecode.c.h; path = AFHTTPSessionManager.h; sourceTree = "<group>"; };
		140BDC7F18DADA39009881F9 /* AFHTTPSessionManager.m */ = {isa = PBXFileReference; fileEncoding = 4; lastKnownFileType = sourcecode.c.objc; path = AFHTTPSessionManager.m; sourceTree = "<group>"; };
		140BDC8018DADA39009881F9 /* AFNetworking.h */ = {isa = PBXFileReference; fileEncoding = 4; lastKnownFileType = sourcecode.c.h; path = AFNetworking.h; sourceTree = "<group>"; };
		140BDC8118DADA39009881F9 /* AFNetworkReachabilityManager.h */ = {isa = PBXFileReference; fileEncoding = 4; lastKnownFileType = sourcecode.c.h; path = AFNetworkReachabilityManager.h; sourceTree = "<group>"; };
		140BDC8218DADA39009881F9 /* AFNetworkReachabilityManager.m */ = {isa = PBXFileReference; fileEncoding = 4; lastKnownFileType = sourcecode.c.objc; path = AFNetworkReachabilityManager.m; sourceTree = "<group>"; };
		140BDC8318DADA39009881F9 /* AFSecurityPolicy.h */ = {isa = PBXFileReference; fileEncoding = 4; lastKnownFileType = sourcecode.c.h; path = AFSecurityPolicy.h; sourceTree = "<group>"; };
		140BDC8418DADA39009881F9 /* AFSecurityPolicy.m */ = {isa = PBXFileReference; fileEncoding = 4; lastKnownFileType = sourcecode.c.objc; path = AFSecurityPolicy.m; sourceTree = "<group>"; };
		140BDC8518DADA39009881F9 /* AFURLConnectionOperation.h */ = {isa = PBXFileReference; fileEncoding = 4; lastKnownFileType = sourcecode.c.h; path = AFURLConnectionOperation.h; sourceTree = "<group>"; };
		140BDC8618DADA39009881F9 /* AFURLConnectionOperation.m */ = {isa = PBXFileReference; fileEncoding = 4; lastKnownFileType = sourcecode.c.objc; path = AFURLConnectionOperation.m; sourceTree = "<group>"; };
		140BDC8718DADA39009881F9 /* AFURLRequestSerialization.h */ = {isa = PBXFileReference; fileEncoding = 4; lastKnownFileType = sourcecode.c.h; path = AFURLRequestSerialization.h; sourceTree = "<group>"; };
		140BDC8818DADA39009881F9 /* AFURLRequestSerialization.m */ = {isa = PBXFileReference; fileEncoding = 4; lastKnownFileType = sourcecode.c.objc; path = AFURLRequestSerialization.m; sourceTree = "<group>"; };
		140BDC8918DADA39009881F9 /* AFURLResponseSerialization.h */ = {isa = PBXFileReference; fileEncoding = 4; lastKnownFileType = sourcecode.c.h; path = AFURLResponseSerialization.h; sourceTree = "<group>"; };
		140BDC8A18DADA39009881F9 /* AFURLResponseSerialization.m */ = {isa = PBXFileReference; fileEncoding = 4; lastKnownFileType = sourcecode.c.objc; path = AFURLResponseSerialization.m; sourceTree = "<group>"; };
		140BDC8B18DADA39009881F9 /* AFURLSessionManager.h */ = {isa = PBXFileReference; fileEncoding = 4; lastKnownFileType = sourcecode.c.h; path = AFURLSessionManager.h; sourceTree = "<group>"; };
		140BDC8C18DADA39009881F9 /* AFURLSessionManager.m */ = {isa = PBXFileReference; fileEncoding = 4; lastKnownFileType = sourcecode.c.objc; path = AFURLSessionManager.m; sourceTree = "<group>"; };
		140BDC8F18DADA39009881F9 /* NZAlertView-Icons.bundle */ = {isa = PBXFileReference; lastKnownFileType = "wrapper.plug-in"; path = "NZAlertView-Icons.bundle"; sourceTree = "<group>"; };
		140BDC9018DADA39009881F9 /* NZAlertView.h */ = {isa = PBXFileReference; fileEncoding = 4; lastKnownFileType = sourcecode.c.h; path = NZAlertView.h; sourceTree = "<group>"; };
		140BDC9118DADA39009881F9 /* NZAlertView.m */ = {isa = PBXFileReference; fileEncoding = 4; lastKnownFileType = sourcecode.c.objc; path = NZAlertView.m; sourceTree = "<group>"; };
		140BDC9318DADA39009881F9 /* NZAlertViewDelegate.h */ = {isa = PBXFileReference; fileEncoding = 4; lastKnownFileType = sourcecode.c.h; path = NZAlertViewDelegate.h; sourceTree = "<group>"; };
		140BDC9518DADA39009881F9 /* NZAlertView.xib */ = {isa = PBXFileReference; fileEncoding = 4; lastKnownFileType = file.xib; path = NZAlertView.xib; sourceTree = "<group>"; };
		140BDC9718DADA39009881F9 /* AFNetworkActivityIndicatorManager.h */ = {isa = PBXFileReference; fileEncoding = 4; lastKnownFileType = sourcecode.c.h; path = AFNetworkActivityIndicatorManager.h; sourceTree = "<group>"; };
		140BDC9818DADA39009881F9 /* AFNetworkActivityIndicatorManager.m */ = {isa = PBXFileReference; fileEncoding = 4; lastKnownFileType = sourcecode.c.objc; path = AFNetworkActivityIndicatorManager.m; sourceTree = "<group>"; };
		140BDC9918DADA39009881F9 /* UIActivityIndicatorView+AFNetworking.h */ = {isa = PBXFileReference; fileEncoding = 4; lastKnownFileType = sourcecode.c.h; path = "UIActivityIndicatorView+AFNetworking.h"; sourceTree = "<group>"; };
		140BDC9A18DADA39009881F9 /* UIActivityIndicatorView+AFNetworking.m */ = {isa = PBXFileReference; fileEncoding = 4; lastKnownFileType = sourcecode.c.objc; path = "UIActivityIndicatorView+AFNetworking.m"; sourceTree = "<group>"; };
		140BDC9B18DADA39009881F9 /* UIAlertView+AFNetworking.h */ = {isa = PBXFileReference; fileEncoding = 4; lastKnownFileType = sourcecode.c.h; path = "UIAlertView+AFNetworking.h"; sourceTree = "<group>"; };
		140BDC9C18DADA39009881F9 /* UIAlertView+AFNetworking.m */ = {isa = PBXFileReference; fileEncoding = 4; lastKnownFileType = sourcecode.c.objc; path = "UIAlertView+AFNetworking.m"; sourceTree = "<group>"; };
		140BDC9D18DADA39009881F9 /* UIButton+AFNetworking.h */ = {isa = PBXFileReference; fileEncoding = 4; lastKnownFileType = sourcecode.c.h; path = "UIButton+AFNetworking.h"; sourceTree = "<group>"; };
		140BDC9E18DADA39009881F9 /* UIButton+AFNetworking.m */ = {isa = PBXFileReference; fileEncoding = 4; lastKnownFileType = sourcecode.c.objc; path = "UIButton+AFNetworking.m"; sourceTree = "<group>"; };
		140BDC9F18DADA39009881F9 /* UIImageView+AFNetworking.h */ = {isa = PBXFileReference; fileEncoding = 4; lastKnownFileType = sourcecode.c.h; path = "UIImageView+AFNetworking.h"; sourceTree = "<group>"; };
		140BDCA018DADA39009881F9 /* UIImageView+AFNetworking.m */ = {isa = PBXFileReference; fileEncoding = 4; lastKnownFileType = sourcecode.c.objc; path = "UIImageView+AFNetworking.m"; sourceTree = "<group>"; };
		140BDCA118DADA39009881F9 /* UIKit+AFNetworking.h */ = {isa = PBXFileReference; fileEncoding = 4; lastKnownFileType = sourcecode.c.h; path = "UIKit+AFNetworking.h"; sourceTree = "<group>"; };
		140BDCA218DADA39009881F9 /* UIProgressView+AFNetworking.h */ = {isa = PBXFileReference; fileEncoding = 4; lastKnownFileType = sourcecode.c.h; path = "UIProgressView+AFNetworking.h"; sourceTree = "<group>"; };
		140BDCA318DADA39009881F9 /* UIProgressView+AFNetworking.m */ = {isa = PBXFileReference; fileEncoding = 4; lastKnownFileType = sourcecode.c.objc; path = "UIProgressView+AFNetworking.m"; sourceTree = "<group>"; };
		140BDCA418DADA39009881F9 /* UIRefreshControl+AFNetworking.h */ = {isa = PBXFileReference; fileEncoding = 4; lastKnownFileType = sourcecode.c.h; path = "UIRefreshControl+AFNetworking.h"; sourceTree = "<group>"; };
		140BDCA518DADA39009881F9 /* UIRefreshControl+AFNetworking.m */ = {isa = PBXFileReference; fileEncoding = 4; lastKnownFileType = sourcecode.c.objc; path = "UIRefreshControl+AFNetworking.m"; sourceTree = "<group>"; };
		140BDCA618DADA39009881F9 /* UIWebView+AFNetworking.h */ = {isa = PBXFileReference; fileEncoding = 4; lastKnownFileType = sourcecode.c.h; path = "UIWebView+AFNetworking.h"; sourceTree = "<group>"; };
		140BDCA718DADA39009881F9 /* UIWebView+AFNetworking.m */ = {isa = PBXFileReference; fileEncoding = 4; lastKnownFileType = sourcecode.c.objc; path = "UIWebView+AFNetworking.m"; sourceTree = "<group>"; };
		140BDCBD18DADC40009881F9 /* Reachability.h */ = {isa = PBXFileReference; fileEncoding = 4; lastKnownFileType = sourcecode.c.h; path = Reachability.h; sourceTree = "<group>"; };
		140BDCBE18DADC40009881F9 /* Reachability.m */ = {isa = PBXFileReference; fileEncoding = 4; lastKnownFileType = sourcecode.c.objc; path = Reachability.m; sourceTree = "<group>"; };
		140BDCC218DAE02C009881F9 /* NBBaseViewController.h */ = {isa = PBXFileReference; fileEncoding = 4; lastKnownFileType = sourcecode.c.h; path = NBBaseViewController.h; sourceTree = "<group>"; };
		140BDCC318DAE02C009881F9 /* NBBaseViewController.m */ = {isa = PBXFileReference; fileEncoding = 4; lastKnownFileType = sourcecode.c.objc; path = NBBaseViewController.m; sourceTree = "<group>"; };
/* End PBXFileReference section */

/* Begin PBXFrameworksBuildPhase section */
		140BDBE218DAD84E009881F9 /* Frameworks */ = {
			isa = PBXFrameworksBuildPhase;
			buildActionMask = 2147483647;
			files = (
				140BDC2618DAD922009881F9 /* CFNetwork.framework in Frameworks */,
				140BDC2418DAD918009881F9 /* MobileCoreServices.framework in Frameworks */,
				140BDC2218DAD908009881F9 /* Security.framework in Frameworks */,
				140BDC2018DAD8F2009881F9 /* libz.dylib in Frameworks */,
				140BDC1E18DAD8E1009881F9 /* CoreFoundation.framework in Frameworks */,
				140BDC1C18DAD8D8009881F9 /* libicucore.dylib in Frameworks */,
				140BDC1A18DAD8C5009881F9 /* SystemConfiguration.framework in Frameworks */,
				140BDC1818DAD87B009881F9 /* QuartzCore.framework in Frameworks */,
				140BDBEB18DAD84E009881F9 /* CoreGraphics.framework in Frameworks */,
				140BDBED18DAD84E009881F9 /* UIKit.framework in Frameworks */,
				140BDBE918DAD84E009881F9 /* Foundation.framework in Frameworks */,
			);
			runOnlyForDeploymentPostprocessing = 0;
		};
		140BDBFD18DAD84E009881F9 /* Frameworks */ = {
			isa = PBXFrameworksBuildPhase;
			buildActionMask = 2147483647;
			files = (
				140BDC0218DAD84E009881F9 /* XCTest.framework in Frameworks */,
				140BDC0418DAD84E009881F9 /* UIKit.framework in Frameworks */,
				140BDC0318DAD84E009881F9 /* Foundation.framework in Frameworks */,
			);
			runOnlyForDeploymentPostprocessing = 0;
		};
/* End PBXFrameworksBuildPhase section */

/* Begin PBXGroup section */
		140BDBDC18DAD84E009881F9 = {
			isa = PBXGroup;
			children = (
				140BDBEE18DAD84E009881F9 /* GroupBuy */,
				140BDC0718DAD84E009881F9 /* GroupBuyTests */,
				140BDC2818DADA05009881F9 /* Utility */,
				140BDC7818DADA39009881F9 /* ThirdPartFrameWork */,
				140BDBE718DAD84E009881F9 /* Frameworks */,
				140BDBE618DAD84E009881F9 /* Products */,
			);
			sourceTree = "<group>";
		};
		140BDBE618DAD84E009881F9 /* Products */ = {
			isa = PBXGroup;
			children = (
				140BDBE518DAD84E009881F9 /* GroupBuy.app */,
				140BDC0018DAD84E009881F9 /* GroupBuyTests.xctest */,
			);
			name = Products;
			sourceTree = "<group>";
		};
		140BDBE718DAD84E009881F9 /* Frameworks */ = {
			isa = PBXGroup;
			children = (
				140BDC2518DAD922009881F9 /* CFNetwork.framework */,
				140BDC2318DAD918009881F9 /* MobileCoreServices.framework */,
				140BDC2118DAD908009881F9 /* Security.framework */,
				140BDC1F18DAD8F2009881F9 /* libz.dylib */,
				140BDC1D18DAD8E1009881F9 /* CoreFoundation.framework */,
				140BDC1B18DAD8D8009881F9 /* libicucore.dylib */,
				140BDC1918DAD8C5009881F9 /* SystemConfiguration.framework */,
				140BDC1718DAD87B009881F9 /* QuartzCore.framework */,
				140BDBE818DAD84E009881F9 /* Foundation.framework */,
				140BDBEA18DAD84E009881F9 /* CoreGraphics.framework */,
				140BDBEC18DAD84E009881F9 /* UIKit.framework */,
				140BDC0118DAD84E009881F9 /* XCTest.framework */,
			);
			name = Frameworks;
			sourceTree = "<group>";
		};
		140BDBEE18DAD84E009881F9 /* GroupBuy */ = {
			isa = PBXGroup;
			children = (
				140BDBF718DAD84E009881F9 /* GBAppDelegate.h */,
				140BDBF818DAD84E009881F9 /* GBAppDelegate.m */,
				140BDBFA18DAD84E009881F9 /* Images.xcassets */,
				140BDBEF18DAD84E009881F9 /* Supporting Files */,
			);
			path = GroupBuy;
			sourceTree = "<group>";
		};
		140BDBEF18DAD84E009881F9 /* Supporting Files */ = {
			isa = PBXGroup;
			children = (
				140BDBF018DAD84E009881F9 /* GroupBuy-Info.plist */,
				140BDBF118DAD84E009881F9 /* InfoPlist.strings */,
				140BDBF418DAD84E009881F9 /* main.m */,
				140BDBF618DAD84E009881F9 /* GroupBuy-Prefix.pch */,
			);
			name = "Supporting Files";
			sourceTree = "<group>";
		};
		140BDC0718DAD84E009881F9 /* GroupBuyTests */ = {
			isa = PBXGroup;
			children = (
				140BDC0D18DAD84E009881F9 /* GroupBuyTests.m */,
				140BDC0818DAD84E009881F9 /* Supporting Files */,
			);
			path = GroupBuyTests;
			sourceTree = "<group>";
		};
		140BDC0818DAD84E009881F9 /* Supporting Files */ = {
			isa = PBXGroup;
			children = (
				140BDC0918DAD84E009881F9 /* GroupBuyTests-Info.plist */,
				140BDC0A18DAD84E009881F9 /* InfoPlist.strings */,
			);
			name = "Supporting Files";
			sourceTree = "<group>";
		};
		140BDC2818DADA05009881F9 /* Utility */ = {
			isa = PBXGroup;
			children = (
				140BDC3918DADA05009881F9 /* Global.h */,
				140BDC2918DADA05009881F9 /* AppUtility */,
				140BDCBC18DADC40009881F9 /* Reachability */,
				140BDC2C18DADA05009881F9 /* DXAlertView */,
				140BDC3A18DADA05009881F9 /* LocationManager */,
				140BDC3D18DADA05009881F9 /* NBNavigation */,
				140BDC4018DADA05009881F9 /* NBNetworkEngine */,
				140BDC4318DADA05009881F9 /* NSDictionary+JSON */,
				140BDC4918DADA05009881F9 /* RegexKitLite */,
				140BDC4C18DADA05009881F9 /* UIColor+HexString */,
				140BDC4F18DADA05009881F9 /* UIImage+Loader */,
				140BDC5218DADA05009881F9 /* UIView+Border */,
				140BDC5518DADA05009881F9 /* UIView+Flip */,
				140BDC5818DADA05009881F9 /* UIView+Joggle */,
				140BDCC118DAE02C009881F9 /* NBBaseViewController */,
				140BDC5B18DADA05009881F9 /* UIView+ModifyFrame */,
			);
			name = Utility;
			path = GroupBuy/Utility;
			sourceTree = "<group>";
		};
		140BDC2918DADA05009881F9 /* AppUtility */ = {
			isa = PBXGroup;
			children = (
				140BDC2A18DADA05009881F9 /* AppUtility.h */,
				140BDC2B18DADA05009881F9 /* AppUtility.m */,
			);
			path = AppUtility;
			sourceTree = "<group>";
		};
		140BDC2C18DADA05009881F9 /* DXAlertView */ = {
			isa = PBXGroup;
			children = (
				140BDC2D18DADA05009881F9 /* DXAlertView.h */,
				140BDC2E18DADA05009881F9 /* DXAlertView.m */,
				140BDC2F18DADA05009881F9 /* ETActivityIndicatorView */,
			);
			path = DXAlertView;
			sourceTree = "<group>";
		};
		140BDC2F18DADA05009881F9 /* ETActivityIndicatorView */ = {
			isa = PBXGroup;
			children = (
				140BDC3018DADA05009881F9 /* Circle.h */,
				140BDC3118DADA05009881F9 /* Circle.m */,
				140BDC3218DADA05009881F9 /* ETActivityIndicatorView.h */,
				140BDC3318DADA05009881F9 /* ETActivityIndicatorView.m */,
			);
			path = ETActivityIndicatorView;
			sourceTree = "<group>";
		};
		140BDC3A18DADA05009881F9 /* LocationManager */ = {
			isa = PBXGroup;
			children = (
				140BDC3B18DADA05009881F9 /* MMLocationManager.h */,
				140BDC3C18DADA05009881F9 /* MMLocationManager.m */,
			);
			path = LocationManager;
			sourceTree = "<group>";
		};
		140BDC3D18DADA05009881F9 /* NBNavigation */ = {
			isa = PBXGroup;
			children = (
				140BDC3E18DADA05009881F9 /* NBNavigationController.h */,
				140BDC3F18DADA05009881F9 /* NBNavigationController.m */,
			);
			path = NBNavigation;
			sourceTree = "<group>";
		};
		140BDC4018DADA05009881F9 /* NBNetworkEngine */ = {
			isa = PBXGroup;
			children = (
				140BDC4118DADA05009881F9 /* NBNetworkEngine.h */,
				140BDC4218DADA05009881F9 /* NBNetworkEngine.m */,
			);
			path = NBNetworkEngine;
			sourceTree = "<group>";
		};
		140BDC4318DADA05009881F9 /* NSDictionary+JSON */ = {
			isa = PBXGroup;
			children = (
				140BDC4418DADA05009881F9 /* NSDictionary+JSON.h */,
				140BDC4518DADA05009881F9 /* NSDictionary+JSON.m */,
			);
			path = "NSDictionary+JSON";
			sourceTree = "<group>";
		};
		140BDC4918DADA05009881F9 /* RegexKitLite */ = {
			isa = PBXGroup;
			children = (
				140BDC4A18DADA05009881F9 /* RegexKitLite.h */,
				140BDC4B18DADA05009881F9 /* RegexKitLite.m */,
			);
			path = RegexKitLite;
			sourceTree = "<group>";
		};
		140BDC4C18DADA05009881F9 /* UIColor+HexString */ = {
			isa = PBXGroup;
			children = (
				140BDC4D18DADA05009881F9 /* UIColor+HexString.h */,
				140BDC4E18DADA05009881F9 /* UIColor+HexString.m */,
			);
			path = "UIColor+HexString";
			sourceTree = "<group>";
		};
		140BDC4F18DADA05009881F9 /* UIImage+Loader */ = {
			isa = PBXGroup;
			children = (
				140BDC5018DADA05009881F9 /* UIImage+Loader.h */,
				140BDC5118DADA05009881F9 /* UIImage+Loader.m */,
			);
			path = "UIImage+Loader";
			sourceTree = "<group>";
		};
		140BDC5218DADA05009881F9 /* UIView+Border */ = {
			isa = PBXGroup;
			children = (
				140BDC5318DADA05009881F9 /* UIView+Border.h */,
				140BDC5418DADA05009881F9 /* UIView+Border.m */,
			);
			path = "UIView+Border";
			sourceTree = "<group>";
		};
		140BDC5518DADA05009881F9 /* UIView+Flip */ = {
			isa = PBXGroup;
			children = (
				140BDC5618DADA05009881F9 /* UIView+Flip.h */,
				140BDC5718DADA05009881F9 /* UIView+Flip.m */,
			);
			path = "UIView+Flip";
			sourceTree = "<group>";
		};
		140BDC5818DADA05009881F9 /* UIView+Joggle */ = {
			isa = PBXGroup;
			children = (
				140BDC5918DADA05009881F9 /* UIView+Joggle.h */,
				140BDC5A18DADA05009881F9 /* UIView+Joggle.m */,
			);
			path = "UIView+Joggle";
			sourceTree = "<group>";
		};
		140BDC5B18DADA05009881F9 /* UIView+ModifyFrame */ = {
			isa = PBXGroup;
			children = (
				140BDC5C18DADA05009881F9 /* LocationManager */,
				140BDC5F18DADA05009881F9 /* Reachability */,
				140BDC6218DADA05009881F9 /* UIView+ModifyFrame.h */,
				140BDC6318DADA05009881F9 /* UIView+ModifyFrame.m */,
			);
			path = "UIView+ModifyFrame";
			sourceTree = "<group>";
		};
		140BDC5C18DADA05009881F9 /* LocationManager */ = {
			isa = PBXGroup;
			children = (
				140BDC5D18DADA05009881F9 /* NBLocationManager.h */,
				140BDC5E18DADA05009881F9 /* NBLocationManager.m */,
			);
			path = LocationManager;
			sourceTree = "<group>";
		};
		140BDC5F18DADA05009881F9 /* Reachability */ = {
			isa = PBXGroup;
			children = (
				140BDC6018DADA05009881F9 /* Reachability.h */,
				140BDC6118DADA05009881F9 /* Reachability.m */,
			);
			path = Reachability;
			sourceTree = "<group>";
		};
		140BDC7818DADA39009881F9 /* ThirdPartFrameWork */ = {
			isa = PBXGroup;
			children = (
				140BDC7918DADA39009881F9 /* AFNetworking */,
				140BDC8D18DADA39009881F9 /* NZAlertView */,
				140BDC9618DADA39009881F9 /* UIKit+AFNetworking */,
			);
			name = ThirdPartFrameWork;
			path = GroupBuy/ThirdPartFrameWork;
			sourceTree = "<group>";
		};
		140BDC7918DADA39009881F9 /* AFNetworking */ = {
			isa = PBXGroup;
			children = (
				140BDC7A18DADA39009881F9 /* AFHTTPRequestOperation.h */,
				140BDC7B18DADA39009881F9 /* AFHTTPRequestOperation.m */,
				140BDC7C18DADA39009881F9 /* AFHTTPRequestOperationManager.h */,
				140BDC7D18DADA39009881F9 /* AFHTTPRequestOperationManager.m */,
				140BDC7E18DADA39009881F9 /* AFHTTPSessionManager.h */,
				140BDC7F18DADA39009881F9 /* AFHTTPSessionManager.m */,
				140BDC8018DADA39009881F9 /* AFNetworking.h */,
				140BDC8118DADA39009881F9 /* AFNetworkReachabilityManager.h */,
				140BDC8218DADA39009881F9 /* AFNetworkReachabilityManager.m */,
				140BDC8318DADA39009881F9 /* AFSecurityPolicy.h */,
				140BDC8418DADA39009881F9 /* AFSecurityPolicy.m */,
				140BDC8518DADA39009881F9 /* AFURLConnectionOperation.h */,
				140BDC8618DADA39009881F9 /* AFURLConnectionOperation.m */,
				140BDC8718DADA39009881F9 /* AFURLRequestSerialization.h */,
				140BDC8818DADA39009881F9 /* AFURLRequestSerialization.m */,
				140BDC8918DADA39009881F9 /* AFURLResponseSerialization.h */,
				140BDC8A18DADA39009881F9 /* AFURLResponseSerialization.m */,
				140BDC8B18DADA39009881F9 /* AFURLSessionManager.h */,
				140BDC8C18DADA39009881F9 /* AFURLSessionManager.m */,
			);
			path = AFNetworking;
			sourceTree = "<group>";
		};
		140BDC8D18DADA39009881F9 /* NZAlertView */ = {
			isa = PBXGroup;
			children = (
				140BDC8E18DADA39009881F9 /* Helpers */,
				140BDC8F18DADA39009881F9 /* NZAlertView-Icons.bundle */,
				140BDC9018DADA39009881F9 /* NZAlertView.h */,
				140BDC9118DADA39009881F9 /* NZAlertView.m */,
				140BDC9218DADA39009881F9 /* Protocols */,
				140BDC9418DADA39009881F9 /* Views */,
			);
			path = NZAlertView;
			sourceTree = "<group>";
		};
		140BDC8E18DADA39009881F9 /* Helpers */ = {
			isa = PBXGroup;
			children = (
			);
			path = Helpers;
			sourceTree = "<group>";
		};
		140BDC9218DADA39009881F9 /* Protocols */ = {
			isa = PBXGroup;
			children = (
				140BDC9318DADA39009881F9 /* NZAlertViewDelegate.h */,
			);
			path = Protocols;
			sourceTree = "<group>";
		};
		140BDC9418DADA39009881F9 /* Views */ = {
			isa = PBXGroup;
			children = (
				140BDC9518DADA39009881F9 /* NZAlertView.xib */,
			);
			path = Views;
			sourceTree = "<group>";
		};
		140BDC9618DADA39009881F9 /* UIKit+AFNetworking */ = {
			isa = PBXGroup;
			children = (
				140BDC9718DADA39009881F9 /* AFNetworkActivityIndicatorManager.h */,
				140BDC9818DADA39009881F9 /* AFNetworkActivityIndicatorManager.m */,
				140BDC9918DADA39009881F9 /* UIActivityIndicatorView+AFNetworking.h */,
				140BDC9A18DADA39009881F9 /* UIActivityIndicatorView+AFNetworking.m */,
				140BDC9B18DADA39009881F9 /* UIAlertView+AFNetworking.h */,
				140BDC9C18DADA39009881F9 /* UIAlertView+AFNetworking.m */,
				140BDC9D18DADA39009881F9 /* UIButton+AFNetworking.h */,
				140BDC9E18DADA39009881F9 /* UIButton+AFNetworking.m */,
				140BDC9F18DADA39009881F9 /* UIImageView+AFNetworking.h */,
				140BDCA018DADA39009881F9 /* UIImageView+AFNetworking.m */,
				140BDCA118DADA39009881F9 /* UIKit+AFNetworking.h */,
				140BDCA218DADA39009881F9 /* UIProgressView+AFNetworking.h */,
				140BDCA318DADA39009881F9 /* UIProgressView+AFNetworking.m */,
				140BDCA418DADA39009881F9 /* UIRefreshControl+AFNetworking.h */,
				140BDCA518DADA39009881F9 /* UIRefreshControl+AFNetworking.m */,
				140BDCA618DADA39009881F9 /* UIWebView+AFNetworking.h */,
				140BDCA718DADA39009881F9 /* UIWebView+AFNetworking.m */,
			);
			path = "UIKit+AFNetworking";
			sourceTree = "<group>";
		};
		140BDCBC18DADC40009881F9 /* Reachability */ = {
			isa = PBXGroup;
			children = (
				140BDCBD18DADC40009881F9 /* Reachability.h */,
				140BDCBE18DADC40009881F9 /* Reachability.m */,
			);
			path = Reachability;
			sourceTree = "<group>";
		};
		140BDCC118DAE02C009881F9 /* NBBaseViewController */ = {
			isa = PBXGroup;
			children = (
				140BDCC218DAE02C009881F9 /* NBBaseViewController.h */,
				140BDCC318DAE02C009881F9 /* NBBaseViewController.m */,
			);
			path = NBBaseViewController;
			sourceTree = "<group>";
		};
/* End PBXGroup section */

/* Begin PBXNativeTarget section */
		140BDBE418DAD84E009881F9 /* GroupBuy */ = {
			isa = PBXNativeTarget;
			buildConfigurationList = 140BDC1118DAD84E009881F9 /* Build configuration list for PBXNativeTarget "GroupBuy" */;
			buildPhases = (
				140BDBE118DAD84E009881F9 /* Sources */,
				140BDBE218DAD84E009881F9 /* Frameworks */,
				140BDBE318DAD84E009881F9 /* Resources */,
			);
			buildRules = (
			);
			dependencies = (
			);
			name = GroupBuy;
			productName = GroupBuy;
			productReference = 140BDBE518DAD84E009881F9 /* GroupBuy.app */;
			productType = "com.apple.product-type.application";
		};
		140BDBFF18DAD84E009881F9 /* GroupBuyTests */ = {
			isa = PBXNativeTarget;
			buildConfigurationList = 140BDC1418DAD84E009881F9 /* Build configuration list for PBXNativeTarget "GroupBuyTests" */;
			buildPhases = (
				140BDBFC18DAD84E009881F9 /* Sources */,
				140BDBFD18DAD84E009881F9 /* Frameworks */,
				140BDBFE18DAD84E009881F9 /* Resources */,
			);
			buildRules = (
			);
			dependencies = (
				140BDC0618DAD84E009881F9 /* PBXTargetDependency */,
			);
			name = GroupBuyTests;
			productName = GroupBuyTests;
			productReference = 140BDC0018DAD84E009881F9 /* GroupBuyTests.xctest */;
			productType = "com.apple.product-type.bundle.unit-test";
		};
/* End PBXNativeTarget section */

/* Begin PBXProject section */
		140BDBDD18DAD84E009881F9 /* Project object */ = {
			isa = PBXProject;
			attributes = {
				CLASSPREFIX = GB;
				LastUpgradeCheck = 0510;
				ORGANIZATIONNAME = YANGReal;
				TargetAttributes = {
					140BDBFF18DAD84E009881F9 = {
						TestTargetID = 140BDBE418DAD84E009881F9;
					};
				};
			};
			buildConfigurationList = 140BDBE018DAD84E009881F9 /* Build configuration list for PBXProject "GroupBuy" */;
			compatibilityVersion = "Xcode 3.2";
			developmentRegion = English;
			hasScannedForEncodings = 0;
			knownRegions = (
				en,
			);
			mainGroup = 140BDBDC18DAD84E009881F9;
			productRefGroup = 140BDBE618DAD84E009881F9 /* Products */;
			projectDirPath = "";
			projectRoot = "";
			targets = (
				140BDBE418DAD84E009881F9 /* GroupBuy */,
				140BDBFF18DAD84E009881F9 /* GroupBuyTests */,
			);
		};
/* End PBXProject section */

/* Begin PBXResourcesBuildPhase section */
		140BDBE318DAD84E009881F9 /* Resources */ = {
			isa = PBXResourcesBuildPhase;
			buildActionMask = 2147483647;
			files = (
				140BDBF318DAD84E009881F9 /* InfoPlist.strings in Resources */,
				140BDCB118DADA39009881F9 /* NZAlertView-Icons.bundle in Resources */,
				140BDBFB18DAD84E009881F9 /* Images.xcassets in Resources */,
				140BDCB318DADA39009881F9 /* NZAlertView.xib in Resources */,
			);
			runOnlyForDeploymentPostprocessing = 0;
		};
		140BDBFE18DAD84E009881F9 /* Resources */ = {
			isa = PBXResourcesBuildPhase;
			buildActionMask = 2147483647;
			files = (
				140BDC0C18DAD84E009881F9 /* InfoPlist.strings in Resources */,
			);
			runOnlyForDeploymentPostprocessing = 0;
		};
/* End PBXResourcesBuildPhase section */

/* Begin PBXSourcesBuildPhase section */
		140BDBE118DAD84E009881F9 /* Sources */ = {
			isa = PBXSourcesBuildPhase;
			buildActionMask = 2147483647;
			files = (
				140BDCC018DADC6C009881F9 /* Reachability.h in Sources */,
				140BDCB918DADA39009881F9 /* UIProgressView+AFNetworking.m in Sources */,
				140BDCAD18DADA39009881F9 /* AFURLConnectionOperation.m in Sources */,
				140BDCC418DAE02C009881F9 /* NBBaseViewController.m in Sources */,
				140BDC7418DADA05009881F9 /* UIView+Joggle.m in Sources */,
				140BDCB718DADA39009881F9 /* UIButton+AFNetworking.m in Sources */,
				140BDC7018DADA05009881F9 /* UIColor+HexString.m in Sources */,
				140BDCB218DADA39009881F9 /* NZAlertView.m in Sources */,
				140BDCA818DADA39009881F9 /* AFHTTPRequestOperation.m in Sources */,
				140BDCAF18DADA39009881F9 /* AFURLResponseSerialization.m in Sources */,
				140BDC6F18DADA05009881F9 /* RegexKitLite.m in Sources */,
				140BDCBF18DADC40009881F9 /* Reachability.m in Sources */,
				140BDC7218DADA05009881F9 /* UIView+Border.m in Sources */,
				140BDCB618DADA39009881F9 /* UIAlertView+AFNetworking.m in Sources */,
				140BDCBB18DADA39009881F9 /* UIWebView+AFNetworking.m in Sources */,
				140BDCB818DADA39009881F9 /* UIImageView+AFNetworking.m in Sources */,
				140BDC6418DADA05009881F9 /* AppUtility.m in Sources */,
				140BDCB518DADA39009881F9 /* UIActivityIndicatorView+AFNetworking.m in Sources */,
				140BDC6D18DADA05009881F9 /* NSDictionary+JSON.m in Sources */,
				140BDCAC18DADA39009881F9 /* AFSecurityPolicy.m in Sources */,
				140BDCB018DADA39009881F9 /* AFURLSessionManager.m in Sources */,
				140BDCBA18DADA39009881F9 /* UIRefreshControl+AFNetworking.m in Sources */,
				140BDCAA18DADA39009881F9 /* AFHTTPSessionManager.m in Sources */,
				140BDBF518DAD84E009881F9 /* main.m in Sources */,
				140BDCAB18DADA39009881F9 /* AFNetworkReachabilityManager.m in Sources */,
				140BDC7718DADA05009881F9 /* UIView+ModifyFrame.m in Sources */,
				140BDCA918DADA39009881F9 /* AFHTTPRequestOperationManager.m in Sources */,
				140BDCAE18DADA39009881F9 /* AFURLRequestSerialization.m in Sources */,
				140BDC6A18DADA05009881F9 /* MMLocationManager.m in Sources */,
				140BDC6B18DADA05009881F9 /* NBNavigationController.m in Sources */,
				140BDC6718DADA05009881F9 /* ETActivityIndicatorView.m in Sources */,
				140BDCB418DADA39009881F9 /* AFNetworkActivityIndicatorManager.m in Sources */,
				140BDC6618DADA05009881F9 /* Circle.m in Sources */,
				140BDC6C18DADA05009881F9 /* NBNetworkEngine.m in Sources */,
				140BDBF918DAD84E009881F9 /* GBAppDelegate.m in Sources */,
				140BDC7318DADA05009881F9 /* UIView+Flip.m in Sources */,
				140BDC7118DADA05009881F9 /* UIImage+Loader.m in Sources */,
				140BDC6518DADA05009881F9 /* DXAlertView.m in Sources */,
			);
			runOnlyForDeploymentPostprocessing = 0;
		};
		140BDBFC18DAD84E009881F9 /* Sources */ = {
			isa = PBXSourcesBuildPhase;
			buildActionMask = 2147483647;
			files = (
				140BDC0E18DAD84E009881F9 /* GroupBuyTests.m in Sources */,
			);
			runOnlyForDeploymentPostprocessing = 0;
		};
/* End PBXSourcesBuildPhase section */

/* Begin PBXTargetDependency section */
		140BDC0618DAD84E009881F9 /* PBXTargetDependency */ = {
			isa = PBXTargetDependency;
			target = 140BDBE418DAD84E009881F9 /* GroupBuy */;
			targetProxy = 140BDC0518DAD84E009881F9 /* PBXContainerItemProxy */;
		};
/* End PBXTargetDependency section */

/* Begin PBXVariantGroup section */
		140BDBF118DAD84E009881F9 /* InfoPlist.strings */ = {
			isa = PBXVariantGroup;
			children = (
				140BDBF218DAD84E009881F9 /* en */,
			);
			name = InfoPlist.strings;
			sourceTree = "<group>";
		};
		140BDC0A18DAD84E009881F9 /* InfoPlist.strings */ = {
			isa = PBXVariantGroup;
			children = (
				140BDC0B18DAD84E009881F9 /* en */,
			);
			name = InfoPlist.strings;
			sourceTree = "<group>";
		};
/* End PBXVariantGroup section */

/* Begin XCBuildConfiguration section */
		140BDC0F18DAD84E009881F9 /* Debug */ = {
			isa = XCBuildConfiguration;
			buildSettings = {
				ALWAYS_SEARCH_USER_PATHS = NO;
				CLANG_CXX_LANGUAGE_STANDARD = "gnu++0x";
				CLANG_CXX_LIBRARY = "libc++";
				CLANG_ENABLE_MODULES = YES;
				CLANG_ENABLE_OBJC_ARC = YES;
				CLANG_WARN_BOOL_CONVERSION = YES;
				CLANG_WARN_CONSTANT_CONVERSION = YES;
				CLANG_WARN_DIRECT_OBJC_ISA_USAGE = YES_ERROR;
				CLANG_WARN_EMPTY_BODY = YES;
				CLANG_WARN_ENUM_CONVERSION = YES;
				CLANG_WARN_INT_CONVERSION = YES;
				CLANG_WARN_OBJC_ROOT_CLASS = YES_ERROR;
				CLANG_WARN__DUPLICATE_METHOD_MATCH = YES;
				"CODE_SIGN_IDENTITY[sdk=iphoneos*]" = "iPhone Developer";
				COPY_PHASE_STRIP = NO;
				GCC_C_LANGUAGE_STANDARD = gnu99;
				GCC_DYNAMIC_NO_PIC = NO;
				GCC_OPTIMIZATION_LEVEL = 0;
				GCC_PREPROCESSOR_DEFINITIONS = (
					"DEBUG=1",
					"$(inherited)",
				);
				GCC_SYMBOLS_PRIVATE_EXTERN = NO;
				GCC_WARN_64_TO_32_BIT_CONVERSION = YES;
				GCC_WARN_ABOUT_RETURN_TYPE = YES_ERROR;
				GCC_WARN_UNDECLARED_SELECTOR = YES;
				GCC_WARN_UNINITIALIZED_AUTOS = YES_AGGRESSIVE;
				GCC_WARN_UNUSED_FUNCTION = YES;
				GCC_WARN_UNUSED_VARIABLE = YES;
				IPHONEOS_DEPLOYMENT_TARGET = 7.1;
				ONLY_ACTIVE_ARCH = YES;
				SDKROOT = iphoneos;
			};
			name = Debug;
		};
		140BDC1018DAD84E009881F9 /* Release */ = {
			isa = XCBuildConfiguration;
			buildSettings = {
				ALWAYS_SEARCH_USER_PATHS = NO;
				CLANG_CXX_LANGUAGE_STANDARD = "gnu++0x";
				CLANG_CXX_LIBRARY = "libc++";
				CLANG_ENABLE_MODULES = YES;
				CLANG_ENABLE_OBJC_ARC = YES;
				CLANG_WARN_BOOL_CONVERSION = YES;
				CLANG_WARN_CONSTANT_CONVERSION = YES;
				CLANG_WARN_DIRECT_OBJC_ISA_USAGE = YES_ERROR;
				CLANG_WARN_EMPTY_BODY = YES;
				CLANG_WARN_ENUM_CONVERSION = YES;
				CLANG_WARN_INT_CONVERSION = YES;
				CLANG_WARN_OBJC_ROOT_CLASS = YES_ERROR;
				CLANG_WARN__DUPLICATE_METHOD_MATCH = YES;
				"CODE_SIGN_IDENTITY[sdk=iphoneos*]" = "iPhone Developer";
				COPY_PHASE_STRIP = YES;
				ENABLE_NS_ASSERTIONS = NO;
				GCC_C_LANGUAGE_STANDARD = gnu99;
				GCC_WARN_64_TO_32_BIT_CONVERSION = YES;
				GCC_WARN_ABOUT_RETURN_TYPE = YES_ERROR;
				GCC_WARN_UNDECLARED_SELECTOR = YES;
				GCC_WARN_UNINITIALIZED_AUTOS = YES_AGGRESSIVE;
				GCC_WARN_UNUSED_FUNCTION = YES;
				GCC_WARN_UNUSED_VARIABLE = YES;
				IPHONEOS_DEPLOYMENT_TARGET = 7.1;
				SDKROOT = iphoneos;
				VALIDATE_PRODUCT = YES;
			};
			name = Release;
		};
		140BDC1218DAD84E009881F9 /* Debug */ = {
			isa = XCBuildConfiguration;
			buildSettings = {
				ASSETCATALOG_COMPILER_APPICON_NAME = AppIcon;
				ASSETCATALOG_COMPILER_LAUNCHIMAGE_NAME = LaunchImage;
				CODE_SIGN_IDENTITY = "iPhone Developer";
				GCC_PRECOMPILE_PREFIX_HEADER = YES;
				GCC_PREFIX_HEADER = "GroupBuy/GroupBuy-Prefix.pch";
				INFOPLIST_FILE = "GroupBuy/GroupBuy-Info.plist";
				IPHONEOS_DEPLOYMENT_TARGET = 7.0;
				PRODUCT_NAME = "$(TARGET_NAME)";
				WRAPPER_EXTENSION = app;
			};
			name = Debug;
		};
		140BDC1318DAD84E009881F9 /* Release */ = {
			isa = XCBuildConfiguration;
			buildSettings = {
				ASSETCATALOG_COMPILER_APPICON_NAME = AppIcon;
				ASSETCATALOG_COMPILER_LAUNCHIMAGE_NAME = LaunchImage;
				CODE_SIGN_IDENTITY = "iPhone Developer";
				GCC_PRECOMPILE_PREFIX_HEADER = YES;
				GCC_PREFIX_HEADER = "GroupBuy/GroupBuy-Prefix.pch";
				INFOPLIST_FILE = "GroupBuy/GroupBuy-Info.plist";
				IPHONEOS_DEPLOYMENT_TARGET = 7.0;
				PRODUCT_NAME = "$(TARGET_NAME)";
				WRAPPER_EXTENSION = app;
			};
			name = Release;
		};
		140BDC1518DAD84E009881F9 /* Debug */ = {
			isa = XCBuildConfiguration;
			buildSettings = {
				BUNDLE_LOADER = "$(BUILT_PRODUCTS_DIR)/GroupBuy.app/GroupBuy";
				FRAMEWORK_SEARCH_PATHS = (
					"$(SDKROOT)/Developer/Library/Frameworks",
					"$(inherited)",
					"$(DEVELOPER_FRAMEWORKS_DIR)",
				);
				GCC_PRECOMPILE_PREFIX_HEADER = YES;
				GCC_PREFIX_HEADER = "GroupBuy/GroupBuy-Prefix.pch";
				GCC_PREPROCESSOR_DEFINITIONS = (
					"DEBUG=1",
					"$(inherited)",
				);
				INFOPLIST_FILE = "GroupBuyTests/GroupBuyTests-Info.plist";
				PRODUCT_NAME = "$(TARGET_NAME)";
				TEST_HOST = "$(BUNDLE_LOADER)";
				WRAPPER_EXTENSION = xctest;
			};
			name = Debug;
		};
		140BDC1618DAD84E009881F9 /* Release */ = {
			isa = XCBuildConfiguration;
			buildSettings = {
				BUNDLE_LOADER = "$(BUILT_PRODUCTS_DIR)/GroupBuy.app/GroupBuy";
				FRAMEWORK_SEARCH_PATHS = (
					"$(SDKROOT)/Developer/Library/Frameworks",
					"$(inherited)",
					"$(DEVELOPER_FRAMEWORKS_DIR)",
				);
				GCC_PRECOMPILE_PREFIX_HEADER = YES;
				GCC_PREFIX_HEADER = "GroupBuy/GroupBuy-Prefix.pch";
				INFOPLIST_FILE = "GroupBuyTests/GroupBuyTests-Info.plist";
				PRODUCT_NAME = "$(TARGET_NAME)";
				TEST_HOST = "$(BUNDLE_LOADER)";
				WRAPPER_EXTENSION = xctest;
			};
			name = Release;
		};
/* End XCBuildConfiguration section */

/* Begin XCConfigurationList section */
		140BDBE018DAD84E009881F9 /* Build configuration list for PBXProject "GroupBuy" */ = {
			isa = XCConfigurationList;
			buildConfigurations = (
				140BDC0F18DAD84E009881F9 /* Debug */,
				140BDC1018DAD84E009881F9 /* Release */,
			);
			defaultConfigurationIsVisible = 0;
			defaultConfigurationName = Release;
		};
		140BDC1118DAD84E009881F9 /* Build configuration list for PBXNativeTarget "GroupBuy" */ = {
			isa = XCConfigurationList;
			buildConfigurations = (
				140BDC1218DAD84E009881F9 /* Debug */,
				140BDC1318DAD84E009881F9 /* Release */,
			);
			defaultConfigurationIsVisible = 0;
		};
		140BDC1418DAD84E009881F9 /* Build configuration list for PBXNativeTarget "GroupBuyTests" */ = {
			isa = XCConfigurationList;
			buildConfigurations = (
				140BDC1518DAD84E009881F9 /* Debug */,
				140BDC1618DAD84E009881F9 /* Release */,
			);
			defaultConfigurationIsVisible = 0;
		};
/* End XCConfigurationList section */
	};
	rootObject = 140BDBDD18DAD84E009881F9 /* Project object */;
}
